<?xml version="1.0" encoding="utf-8"?>
<Project ToolsVersion="4.0" xmlns="http://schemas.microsoft.com/developer/msbuild/2003">
  <ItemGroup>
    <Filter Include="资源文件">
      <UniqueIdentifier>{67DA6AB6-F800-4c08-8B7A-83BB121AAD01}</UniqueIdentifier>
      <Extensions>rc;ico;cur;bmp;dlg;rc2;rct;bin;rgs;gif;jpg;jpeg;jpe;resx;tiff;tif;png;wav</Extensions>
    </Filter>
    <Filter Include="源文件">
      <UniqueIdentifier>{4FC737F1-C7A5-4376-A066-2A32D752A2FF}</UniqueIdentifier>
      <Extensions>cpp;c;cc;cxx;def;odl;idl;hpj;bat;asm;asmx</Extensions>
    </Filter>
    <Filter Include="头文件">
      <UniqueIdentifier>{93995380-89BD-4b04-88EB-625FBE52EBFB}</UniqueIdentifier>
      <Extensions>h;hpp;hxx;hm;inl;inc;xsd</Extensions>
    </Filter>
    <Filter Include="源文件\disasm">
      <UniqueIdentifier>{be9cd60b-52fc-47e7-a645-e6545493fed8}</UniqueIdentifier>
    </Filter>
    <Filter Include="源文件\mhook">
      <UniqueIdentifier>{8cb5c05a-64f7-4f61-a670-df3f82769fe0}</UniqueIdentifier>
    </Filter>
    <Filter Include="头文件\disasm">
      <UniqueIdentifier>{ae48e280-80df-4694-8489-f1a115d112c4}</UniqueIdentifier>
    </Filter>
    <Filter Include="头文件\mhook">
      <UniqueIdentifier>{d18cac3d-f0b8-4766-99c8-c658d008f1a6}</UniqueIdentifier>
    </Filter>
  </ItemGroup>
  <ItemGroup>
    <ClCompile Include="SimpleHookEngine.cpp">
      <Filter>源文件</Filter>
    </ClCompile>
    <ClCompile Include="stdafx.cpp">
      <Filter>源文件</Filter>
    </ClCompile>
    <ClCompile Include="mhook\mhook.cpp">
      <Filter>源文件\mhook</Filter>
    </ClCompile>
    <ClCompile Include="disasm\cpu.c">
      <Filter>源文件\disasm</Filter>
    </ClCompile>
    <ClCompile Include="disasm\disasm.c">
      <Filter>源文件\disasm</Filter>
    </ClCompile>
    <ClCompile Include="disasm\disasm_x86.c">
      <Filter>源文件\disasm</Filter>
    </ClCompile>
    <ClCompile Include="disasm\misc.c">
      <Filter>源文件\disasm</Filter>
    </ClCompile>
    <ClCompile Include="BasicHook.cpp">
      <Filter>源文件</Filter>
    </ClCompile>
    <ClCompile Include="LDE.cpp">
      <Filter>源文件</Filter>
    </ClCompile>
  </ItemGroup>
  <ItemGroup>
    <ClInclude Include="stdafx.h">
      <Filter>头文件</Filter>
    </ClInclude>
    <ClInclude Include="disasm\cpu.h">
      <Filter>头文件\disasm</Filter>
    </ClInclude>
    <ClInclude Include="disasm\disasm.h">
      <Filter>头文件\disasm</Filter>
    </ClInclude>
    <ClInclude Include="disasm\disasm_x86.h">
      <Filter>头文件\disasm</Filter>
    </ClInclude>
    <ClInclude Include="disasm\disasm_x86_tables.h">
      <Filter>头文件\disasm</Filter>
    </ClInclude>
    <ClInclude Include="disasm\misc.h">
      <Filter>头文件\disasm</Filter>
    </ClInclude>
    <ClInclude Include="mhook\mhook.h">
      <Filter>头文件\mhook</Filter>
    </ClInclude>
    <ClInclude Include="SimpleHookEngine.h">
      <Filter>头文件</Filter>
    </ClInclude>
    <ClInclude Include="BasicHook.h">
      <Filter>头文件</Filter>
    </ClInclude>
    <ClInclude Include="LDE.h">
      <Filter>头文件</Filter>
    </ClInclude>
  </ItemGroup>
</Project>