<?xml version="1.0" encoding="utf-8"?>
<Project ToolsVersion="4.0" xmlns="http://schemas.microsoft.com/developer/msbuild/2003">
  <ItemGroup>
    <Filter Include="源文件">
      <UniqueIdentifier>{4FC737F1-C7A5-4376-A066-2A32D752A2FF}</UniqueIdentifier>
      <Extensions>cpp;c;cc;cxx;c++;cppm;ixx;def;odl;idl;hpj;bat;asm;asmx</Extensions>
    </Filter>
    <Filter Include="头文件">
      <UniqueIdentifier>{93995380-89BD-4b04-88EB-625FBE52EBFB}</UniqueIdentifier>
      <Extensions>h;hh;hpp;hxx;h++;hm;inl;inc;ipp;xsd</Extensions>
    </Filter>
    <Filter Include="资源文件">
      <UniqueIdentifier>{67DA6AB6-F800-4c08-8B7A-83BB121AAD01}</UniqueIdentifier>
      <Extensions>rc;ico;cur;bmp;dlg;rc2;rct;bin;rgs;gif;jpg;jpeg;jpe;resx;tiff;tif;png;wav;mfcribbon-ms</Extensions>
    </Filter>
    <Filter Include="源文件\Hook函数">
      <UniqueIdentifier>{df41b92c-0adf-4335-a497-99575903ca2b}</UniqueIdentifier>
    </Filter>
    <Filter Include="头文件\Hook函数">
      <UniqueIdentifier>{c77961a3-c2c3-4a0d-8091-024801f71b5a}</UniqueIdentifier>
    </Filter>
  </ItemGroup>
  <ItemGroup>
    <ClInclude Include="framework.h">
      <Filter>头文件</Filter>
    </ClInclude>
    <ClInclude Include="pch.h">
      <Filter>头文件</Filter>
    </ClInclude>
    <ClInclude Include="CommunicationPipe.h">
      <Filter>头文件</Filter>
    </ClInclude>
    <ClInclude Include="Misc.h">
      <Filter>头文件</Filter>
    </ClInclude>
    <ClInclude Include="MyFunction.h">
      <Filter>头文件\Hook函数</Filter>
    </ClInclude>
    <ClInclude Include="TrueFunction.h">
      <Filter>头文件\Hook函数</Filter>
    </ClInclude>
    <ClInclude Include="EnumFunction.h">
      <Filter>头文件\Hook函数</Filter>
    </ClInclude>
  </ItemGroup>
  <ItemGroup>
    <ClCompile Include="dllmain.cpp">
      <Filter>源文件</Filter>
    </ClCompile>
    <ClCompile Include="pch.cpp">
      <Filter>源文件</Filter>
    </ClCompile>
    <ClCompile Include="CommunicationPipe.cpp">
      <Filter>源文件</Filter>
    </ClCompile>
    <ClCompile Include="Misc.cpp">
      <Filter>源文件</Filter>
    </ClCompile>
    <ClCompile Include="MyFunction.cpp">
      <Filter>源文件\Hook函数</Filter>
    </ClCompile>
    <ClCompile Include="TrueFunction.cpp">
      <Filter>源文件\Hook函数</Filter>
    </ClCompile>
  </ItemGroup>
</Project>